
Microsoft Visual Studio Solution File, Format Version 12.00
# Visual Studio Version 16
VisualStudioVersion = 16.0.32413.511
MinimumVisualStudioVersion = 10.0.40219.1
Project("{FAE04EC0-301F-11D3-BF4B-00C04F79EFBC}") = "Accidentreporting", "login\Accidentreporting.csproj", "{3C5667F1-580D-4504-B382-0DBA9A3005F9}"
EndProject
Global
	GlobalSection(SolutionConfigurationPlatforms) = preSolution
		Debug|Any CPU = Debug|Any CPU
		Release|Any CPU = Release|Any CPU
	EndGlobalSection
	GlobalSection(ProjectConfigurationPlatforms) = postSolution
		{3C5667F1-580D-4504-B382-0DBA9A3005F9}.Debug|Any CPU.ActiveCfg = Debug|Any CPU
		{3C5667F1-580D-4504-B382-0DBA9A3005F9}.Debug|Any CPU.Build.0 = Debug|Any CPU
		{3C5667F1-580D-4504-B382-0DBA9A3005F9}.Release|Any CPU.ActiveCfg = Release|Any CPU
		{3C5667F1-580D-4504-B382-0DBA9A3005F9}.Release|Any CPU.Build.0 = Release|Any CPU
	EndGlobalSection
	GlobalSection(SolutionProperties) = preSolution
		HideSolutionNode = FALSE
	EndGlobalSection
	GlobalSection(ExtensibilityGlobals) = postSolution
		SolutionGuid = {E1A62637-C02B-442A-B567-F4D87855ECA7}
	EndGlobalSection
EndGlobal
